
Microsoft Visual Studio Solution File, Format Version 12.00
# Visual Studio Version 16
VisualStudioVersion = 16.0.31729.503
MinimumVisualStudioVersion = 10.0.40219.1
Project("{9A19103F-16F7-4668-BE54-9A1E7A4F7556}") = "Class_Library", "Class_Library\Class_Library.csproj", "{DA3928D2-19DB-4DE3-9D5F-69321E36E0CE}"
EndProject
Project("{9A19103F-16F7-4668-BE54-9A1E7A4F7556}") = "Visual_App", "Visual_App\Visual_App.csproj", "{3CA6346B-E831-43C9-BDE7-6104F7835D22}"
EndProject
Global
	GlobalSection(SolutionConfigurationPlatforms) = preSolution
		Debug|Any CPU = Debug|Any CPU
		Release|Any CPU = Release|Any CPU
	EndGlobalSection
	GlobalSection(ProjectConfigurationPlatforms) = postSolution
		{DA3928D2-19DB-4DE3-9D5F-69321E36E0CE}.Debug|Any CPU.ActiveCfg = Debug|Any CPU
		{DA3928D2-19DB-4DE3-9D5F-69321E36E0CE}.Debug|Any CPU.Build.0 = Debug|Any CPU
		{DA3928D2-19DB-4DE3-9D5F-69321E36E0CE}.Release|Any CPU.ActiveCfg = Release|Any CPU
		{DA3928D2-19DB-4DE3-9D5F-69321E36E0CE}.Release|Any CPU.Build.0 = Release|Any CPU
		{3CA6346B-E831-43C9-BDE7-6104F7835D22}.Debug|Any CPU.ActiveCfg = Debug|Any CPU
		{3CA6346B-E831-43C9-BDE7-6104F7835D22}.Debug|Any CPU.Build.0 = Debug|Any CPU
		{3CA6346B-E831-43C9-BDE7-6104F7835D22}.Release|Any CPU.ActiveCfg = Release|Any CPU
		{3CA6346B-E831-43C9-BDE7-6104F7835D22}.Release|Any CPU.Build.0 = Release|Any CPU
	EndGlobalSection
	GlobalSection(SolutionProperties) = preSolution
		HideSolutionNode = FALSE
	EndGlobalSection
	GlobalSection(ExtensibilityGlobals) = postSolution
		SolutionGuid = {708E9B3A-AC38-4758-A2D6-63267837B5D5}
	EndGlobalSection
EndGlobal
